// !$*UTF8*$!
{
	archiveVersion = 1;
	classes = {
	};
	objectVersion = 46;
	objects = {

/* Begin PBXBuildFile section */
		DD6E053119AF661800C079F8 /* main.m in Sources */ = {isa = PBXBuildFile; fileRef = DD6E053019AF661800C079F8 /* main.m */; };
		DD6E053419AF661800C079F8 /* AppDelegate.m in Sources */ = {isa = PBXBuildFile; fileRef = DD6E053319AF661800C079F8 /* AppDelegate.m */; };
		DD6E053719AF661800C079F8 /* ViewController.m in Sources */ = {isa = PBXBuildFile; fileRef = DD6E053619AF661800C079F8 /* ViewController.m */; };
		DD6E053A19AF661800C079F8 /* Main.storyboard in Resources */ = {isa = PBXBuildFile; fileRef = DD6E053819AF661800C079F8 /* Main.storyboard */; };
		DD6E053C19AF661800C079F8 /* Images.xcassets in Resources */ = {isa = PBXBuildFile; fileRef = DD6E053B19AF661800C079F8 /* Images.xcassets */; };
		DD6E054819AF661800C079F8 /* MappleTests.m in Sources */ = {isa = PBXBuildFile; fileRef = DD6E054719AF661800C079F8 /* MappleTests.m */; };
		DD6E055219AF663000C079F8 /* CoreLocation.framework in Frameworks */ = {isa = PBXBuildFile; fileRef = DD6E055119AF663000C079F8 /* CoreLocation.framework */; };
		DD6E055419AF664100C079F8 /* MapKit.framework in Frameworks */ = {isa = PBXBuildFile; fileRef = DD6E055319AF664100C079F8 /* MapKit.framework */; };
/* End PBXBuildFile section */

/* Begin PBXContainerItemProxy section */
		DD6E054219AF661800C079F8 /* PBXContainerItemProxy */ = {
			isa = PBXContainerItemProxy;
			containerPortal = DD6E052319AF661800C079F8 /* Project object */;
			proxyType = 1;
			remoteGlobalIDString = DD6E052A19AF661800C079F8;
			remoteInfo = Mapple;
		};
/* End PBXContainerItemProxy section */

/* Begin PBXFileReference section */
		DD6E052B19AF661800C079F8 /* Mapple.app */ = {isa = PBXFileReference; explicitFileType = wrapper.application; includeInIndex = 0; path = Mapple.app; sourceTree = BUILT_PRODUCTS_DIR; };
		DD6E052F19AF661800C079F8 /* Info.plist */ = {isa = PBXFileReference; lastKnownFileType = text.plist.xml; path = Info.plist; sourceTree = "<group>"; };
		DD6E053019AF661800C079F8 /* main.m */ = {isa = PBXFileReference; lastKnownFileType = sourcecode.c.objc; path = main.m; sourceTree = "<group>"; };
		DD6E053219AF661800C079F8 /* AppDelegate.h */ = {isa = PBXFileReference; lastKnownFileType = sourcecode.c.h; path = AppDelegate.h; sourceTree = "<group>"; };
		DD6E053319AF661800C079F8 /* AppDelegate.m */ = {isa = PBXFileReference; lastKnownFileType = sourcecode.c.objc; path = AppDelegate.m; sourceTree = "<group>"; };
		DD6E053519AF661800C079F8 /* ViewController.h */ = {isa = PBXFileReference; lastKnownFileType = sourcecode.c.h; path = ViewController.h; sourceTree = "<group>"; };
		DD6E053619AF661800C079F8 /* ViewController.m */ = {isa = PBXFileReference; lastKnownFileType = sourcecode.c.objc; path = ViewController.m; sourceTree = "<group>"; };
		DD6E053919AF661800C079F8 /* Base */ = {isa = PBXFileReference; lastKnownFileType = file.storyboard; name = Base; path = Base.lproj/Main.storyboard; sourceTree = "<group>"; };
		DD6E053B19AF661800C079F8 /* Images.xcassets */ = {isa = PBXFileReference; lastKnownFileType = folder.assetcatalog; path = Images.xcassets; sourceTree = "<group>"; };
		DD6E054119AF661800C079F8 /* MappleTests.xctest */ = {isa = PBXFileReference; explicitFileType = wrapper.cfbundle; includeInIndex = 0; path = MappleTests.xctest; sourceTree = BUILT_PRODUCTS_DIR; };
		DD6E054619AF661800C079F8 /* Info.plist */ = {isa = PBXFileReference; lastKnownFileType = text.plist.xml; path = Info.plist; sourceTree = "<group>"; };
		DD6E054719AF661800C079F8 /* MappleTests.m */ = {isa = PBXFileReference; lastKnownFileType = sourcecode.c.objc; path = MappleTests.m; sourceTree = "<group>"; };
		DD6E055119AF663000C079F8 /* CoreLocation.framework */ = {isa = PBXFileReference; lastKnownFileType = wrapper.framework; name = CoreLocation.framework; path = System/Library/Frameworks/CoreLocation.framework; sourceTree = SDKROOT; };
		DD6E055319AF664100C079F8 /* MapKit.framework */ = {isa = PBXFileReference; lastKnownFileType = wrapper.framework; name = MapKit.framework; path = System/Library/Frameworks/MapKit.framework; sourceTree = SDKROOT; };
/* End PBXFileReference section */

/* Begin PBXFrameworksBuildPhase section */
		DD6E052819AF661800C079F8 /* Frameworks */ = {
			isa = PBXFrameworksBuildPhase;
			buildActionMask = 2147483647;
			files = (
				DD6E055419AF664100C079F8 /* MapKit.framework in Frameworks */,
				DD6E055219AF663000C079F8 /* CoreLocation.framework in Frameworks */,
			);
			runOnlyForDeploymentPostprocessing = 0;
		};
		DD6E053E19AF661800C079F8 /* Frameworks */ = {
			isa = PBXFrameworksBuildPhase;
			buildActionMask = 2147483647;
			files = (
			);
			runOnlyForDeploymentPostprocessing = 0;
		};
/* End PBXFrameworksBuildPhase section */

/* Begin PBXGroup section */
		DD6E052219AF661800C079F8 = {
			isa = PBXGroup;
			children = (
				DD6E055519AF667500C079F8 /* Frameworks */,
				DD6E052D19AF661800C079F8 /* Mapple */,
				DD6E054419AF661800C079F8 /* MappleTests */,
				DD6E052C19AF661800C079F8 /* Products */,
			);
			sourceTree = "<group>";
		};
		DD6E052C19AF661800C079F8 /* Products */ = {
			isa = PBXGroup;
			children = (
				DD6E052B19AF661800C079F8 /* Mapple.app */,
				DD6E054119AF661800C079F8 /* MappleTests.xctest */,
			);
			name = Products;
			sourceTree = "<group>";
		};
		DD6E052D19AF661800C079F8 /* Mapple */ = {
			isa = PBXGroup;
			children = (
				DD6E053219AF661800C079F8 /* AppDelegate.h */,
				DD6E053319AF661800C079F8 /* AppDelegate.m */,
				DD6E053519AF661800C079F8 /* ViewController.h */,
				DD6E053619AF661800C079F8 /* ViewController.m */,
				DD6E053819AF661800C079F8 /* Main.storyboard */,
				DD6E053B19AF661800C079F8 /* Images.xcassets */,
				DD6E052E19AF661800C079F8 /* Supporting Files */,
			);
			path = Mapple;
			sourceTree = "<group>";
		};
		DD6E052E19AF661800C079F8 /* Supporting Files */ = {
			isa = PBXGroup;
			children = (
				DD6E052F19AF661800C079F8 /* Info.plist */,
				DD6E053019AF661800C079F8 /* main.m */,
			);
			name = "Supporting Files";
			sourceTree = "<group>";
		};
		DD6E054419AF661800C079F8 /* MappleTests */ = {
			isa = PBXGroup;
			children = (
				DD6E054719AF661800C079F8 /* MappleTests.m */,
				DD6E054519AF661800C079F8 /* Supporting Files */,
			);
			path = MappleTests;
			sourceTree = "<group>";
		};
		DD6E054519AF661800C079F8 /* Supporting Files */ = {
			isa = PBXGroup;
			children = (
				DD6E054619AF661800C079F8 /* Info.plist */,
			);
			name = "Supporting Files";
			sourceTree = "<group>";
		};
		DD6E055519AF667500C079F8 /* Frameworks */ = {
			isa = PBXGroup;
			children = (
				DD6E055119AF663000C079F8 /* CoreLocation.framework */,
				DD6E055319AF664100C079F8 /* MapKit.framework */,
			);
			name = Frameworks;
			sourceTree = "<group>";
		};
/* End PBXGroup section */

/* Begin PBXNativeTarget section */
		DD6E052A19AF661800C079F8 /* Mapple */ = {
			isa = PBXNativeTarget;
			buildConfigurationList = DD6E054B19AF661800C079F8 /* Build configuration list for PBXNativeTarget "Mapple" */;
			buildPhases = (
				DD6E052719AF661800C079F8 /* Sources */,
				DD6E052819AF661800C079F8 /* Frameworks */,
				DD6E052919AF661800C079F8 /* Resources */,
			);
			buildRules = (
			);
			dependencies = (
			);
			name = Mapple;
			productName = Mapple;
			productReference = DD6E052B19AF661800C079F8 /* Mapple.app */;
			productType = "com.apple.product-type.application";
		};
		DD6E054019AF661800C079F8 /* MappleTests */ = {
			isa = PBXNativeTarget;
			buildConfigurationList = DD6E054E19AF661800C079F8 /* Build configuration list for PBXNativeTarget "MappleTests" */;
			buildPhases = (
				DD6E053D19AF661800C079F8 /* Sources */,
				DD6E053E19AF661800C079F8 /* Frameworks */,
				DD6E053F19AF661800C079F8 /* Resources */,
			);
			buildRules = (
			);
			dependencies = (
				DD6E054319AF661800C079F8 /* PBXTargetDependency */,
			);
			name = MappleTests;
			productName = MappleTests;
			productReference = DD6E054119AF661800C079F8 /* MappleTests.xctest */;
			productType = "com.apple.product-type.bundle.unit-test";
		};
/* End PBXNativeTarget section */

/* Begin PBXProject section */
		DD6E052319AF661800C079F8 /* Project object */ = {
			isa = PBXProject;
			attributes = {
				LastUpgradeCheck = 0600;
				ORGANIZATIONNAME = "Eric Williams";
				TargetAttributes = {
					DD6E052A19AF661800C079F8 = {
						CreatedOnToolsVersion = 6.0;
					};
					DD6E054019AF661800C079F8 = {
						CreatedOnToolsVersion = 6.0;
						TestTargetID = DD6E052A19AF661800C079F8;
					};
				};
			};
			buildConfigurationList = DD6E052619AF661800C079F8 /* Build configuration list for PBXProject "Mapple" */;
			compatibilityVersion = "Xcode 3.2";
			developmentRegion = English;
			hasScannedForEncodings = 0;
			knownRegions = (
				en,
				Base,
			);
			mainGroup = DD6E052219AF661800C079F8;
			productRefGroup = DD6E052C19AF661800C079F8 /* Products */;
			projectDirPath = "";
			projectRoot = "";
			targets = (
				DD6E052A19AF661800C079F8 /* Mapple */,
				DD6E054019AF661800C079F8 /* MappleTests */,
			);
		};
/* End PBXProject section */

/* Begin PBXResourcesBuildPhase section */
		DD6E052919AF661800C079F8 /* Resources */ = {
			isa = PBXResourcesBuildPhase;
			buildActionMask = 2147483647;
			files = (
				DD6E053A19AF661800C079F8 /* Main.storyboard in Resources */,
				DD6E053C19AF661800C079F8 /* Images.xcassets in Resources */,
			);
			runOnlyForDeploymentPostprocessing = 0;
		};
		DD6E053F19AF661800C079F8 /* Resources */ = {
			isa = PBXResourcesBuildPhase;
			buildActionMask = 2147483647;
			files = (
			);
			runOnlyForDeploymentPostprocessing = 0;
		};
/* End PBXResourcesBuildPhase section */

/* Begin PBXSourcesBuildPhase section */
		DD6E052719AF661800C079F8 /* Sources */ = {
			isa = PBXSourcesBuildPhase;
			buildActionMask = 2147483647;
			files = (
				DD6E053719AF661800C079F8 /* ViewController.m in Sources */,
				DD6E053419AF661800C079F8 /* AppDelegate.m in Sources */,
				DD6E053119AF661800C079F8 /* main.m in Sources */,
			);
			runOnlyForDeploymentPostprocessing = 0;
		};
		DD6E053D19AF661800C079F8 /* Sources */ = {
			isa = PBXSourcesBuildPhase;
			buildActionMask = 2147483647;
			files = (
				DD6E054819AF661800C079F8 /* MappleTests.m in Sources */,
			);
			runOnlyForDeploymentPostprocessing = 0;
		};
/* End PBXSourcesBuildPhase section */

/* Begin PBXTargetDependency section */
		DD6E054319AF661800C079F8 /* PBXTargetDependency */ = {
			isa = PBXTargetDependency;
			target = DD6E052A19AF661800C079F8 /* Mapple */;
			targetProxy = DD6E054219AF661800C079F8 /* PBXContainerItemProxy */;
		};
/* End PBXTargetDependency section */

/* Begin PBXVariantGroup section */
		DD6E053819AF661800C079F8 /* Main.storyboard */ = {
			isa = PBXVariantGroup;
			children = (
				DD6E053919AF661800C079F8 /* Base */,
			);
			name = Main.storyboard;
			sourceTree = "<group>";
		};
/* End PBXVariantGroup section */

/* Begin XCBuildConfiguration section */
		DD6E054919AF661800C079F8 /* Debug */ = {
			isa = XCBuildConfiguration;
			buildSettings = {
				ALWAYS_SEARCH_USER_PATHS = NO;
				CLANG_CXX_LANGUAGE_STANDARD = "gnu++0x";
				CLANG_CXX_LIBRARY = "libc++";
				CLANG_ENABLE_MODULES = YES;
				CLANG_ENABLE_OBJC_ARC = YES;
				CLANG_WARN_BOOL_CONVERSION = YES;
				CLANG_WARN_CONSTANT_CONVERSION = YES;
				CLANG_WARN_DIRECT_OBJC_ISA_USAGE = YES_ERROR;
				CLANG_WARN_EMPTY_BODY = YES;
				CLANG_WARN_ENUM_CONVERSION = YES;
				CLANG_WARN_INT_CONVERSION = YES;
				CLANG_WARN_OBJC_ROOT_CLASS = YES_ERROR;
				CLANG_WARN_UNREACHABLE_CODE = YES;
				CLANG_WARN__DUPLICATE_METHOD_MATCH = YES;
				"CODE_SIGN_IDENTITY[sdk=iphoneos*]" = "iPhone Developer";
				COPY_PHASE_STRIP = NO;
				ENABLE_STRICT_OBJC_MSGSEND = YES;
				GCC_C_LANGUAGE_STANDARD = gnu99;
				GCC_DYNAMIC_NO_PIC = NO;
				GCC_OPTIMIZATION_LEVEL = 0;
				GCC_PREPROCESSOR_DEFINITIONS = (
					"DEBUG=1",
					"$(inherited)",
				);
				GCC_SYMBOLS_PRIVATE_EXTERN = NO;
				GCC_WARN_64_TO_32_BIT_CONVERSION = YES;
				GCC_WARN_ABOUT_RETURN_TYPE = YES_ERROR;
				GCC_WARN_UNDECLARED_SELECTOR = YES;
				GCC_WARN_UNINITIALIZED_AUTOS = YES_AGGRESSIVE;
				GCC_WARN_UNUSED_FUNCTION = YES;
				GCC_WARN_UNUSED_VARIABLE = YES;
				IPHONEOS_DEPLOYMENT_TARGET = 8.0;
				MTL_ENABLE_DEBUG_INFO = YES;
				ONLY_ACTIVE_ARCH = YES;
				SDKROOT = iphoneos;
			};
			name = Debug;
		};
		DD6E054A19AF661800C079F8 /* Release */ = {
			isa = XCBuildConfiguration;
			buildSettings = {
				ALWAYS_SEARCH_USER_PATHS = NO;
				CLANG_CXX_LANGUAGE_STANDARD = "gnu++0x";
				CLANG_CXX_LIBRARY = "libc++";
				CLANG_ENABLE_MODULES = YES;
				CLANG_ENABLE_OBJC_ARC = YES;
				CLANG_WARN_BOOL_CONVERSION = YES;
				CLANG_WARN_CONSTANT_CONVERSION = YES;
				CLANG_WARN_DIRECT_OBJC_ISA_USAGE = YES_ERROR;
				CLANG_WARN_EMPTY_BODY = YES;
				CLANG_WARN_ENUM_CONVERSION = YES;
				CLANG_WARN_INT_CONVERSION = YES;
				CLANG_WARN_OBJC_ROOT_CLASS = YES_ERROR;
				CLANG_WARN_UNREACHABLE_CODE = YES;
				CLANG_WARN__DUPLICATE_METHOD_MATCH = YES;
				"CODE_SIGN_IDENTITY[sdk=iphoneos*]" = "iPhone Developer";
				COPY_PHASE_STRIP = YES;
				ENABLE_NS_ASSERTIONS = NO;
				ENABLE_STRICT_OBJC_MSGSEND = YES;
				GCC_C_LANGUAGE_STANDARD = gnu99;
				GCC_WARN_64_TO_32_BIT_CONVERSION = YES;
				GCC_WARN_ABOUT_RETURN_TYPE = YES_ERROR;
				GCC_WARN_UNDECLARED_SELECTOR = YES;
				GCC_WARN_UNINITIALIZED_AUTOS = YES_AGGRESSIVE;
				GCC_WARN_UNUSED_FUNCTION = YES;
				GCC_WARN_UNUSED_VARIABLE = YES;
				IPHONEOS_DEPLOYMENT_TARGET = 8.0;
				MTL_ENABLE_DEBUG_INFO = NO;
				SDKROOT = iphoneos;
				VALIDATE_PRODUCT = YES;
			};
			name = Release;
		};
		DD6E054C19AF661800C079F8 /* Debug */ = {
			isa = XCBuildConfiguration;
			buildSettings = {
				ASSETCATALOG_COMPILER_APPICON_NAME = AppIcon;
				ASSETCATALOG_COMPILER_LAUNCHIMAGE_NAME = LaunchImage;
				INFOPLIST_FILE = Mapple/Info.plist;
				LD_RUNPATH_SEARCH_PATHS = "$(inherited) @executable_path/Frameworks";
				PRODUCT_NAME = "$(TARGET_NAME)";
			};
			name = Debug;
		};
		DD6E054D19AF661800C079F8 /* Release */ = {
			isa = XCBuildConfiguration;
			buildSettings = {
				ASSETCATALOG_COMPILER_APPICON_NAME = AppIcon;
				ASSETCATALOG_COMPILER_LAUNCHIMAGE_NAME = LaunchImage;
				INFOPLIST_FILE = Mapple/Info.plist;
				LD_RUNPATH_SEARCH_PATHS = "$(inherited) @executable_path/Frameworks";
				PRODUCT_NAME = "$(TARGET_NAME)";
			};
			name = Release;
		};
		DD6E054F19AF661800C079F8 /* Debug */ = {
			isa = XCBuildConfiguration;
			buildSettings = {
				BUNDLE_LOADER = "$(TEST_HOST)";
				FRAMEWORK_SEARCH_PATHS = (
					"$(SDKROOT)/Developer/Library/Frameworks",
					"$(inherited)",
				);
				GCC_PREPROCESSOR_DEFINITIONS = (
					"DEBUG=1",
					"$(inherited)",
				);
				INFOPLIST_FILE = MappleTests/Info.plist;
				LD_RUNPATH_SEARCH_PATHS = "$(inherited) @executable_path/Frameworks @loader_path/Frameworks";
				PRODUCT_NAME = "$(TARGET_NAME)";
				TEST_HOST = "$(BUILT_PRODUCTS_DIR)/Mapple.app/Mapple";
			};
			name = Debug;
		};
		DD6E055019AF661800C079F8 /* Release */ = {
			isa = XCBuildConfiguration;
			buildSettings = {
				BUNDLE_LOADER = "$(TEST_HOST)";
				FRAMEWORK_SEARCH_PATHS = (
					"$(SDKROOT)/Developer/Library/Frameworks",
					"$(inherited)",
				);
				INFOPLIST_FILE = MappleTests/Info.plist;
				LD_RUNPATH_SEARCH_PATHS = "$(inherited) @executable_path/Frameworks @loader_path/Frameworks";
				PRODUCT_NAME = "$(TARGET_NAME)";
				TEST_HOST = "$(BUILT_PRODUCTS_DIR)/Mapple.app/Mapple";
			};
			name = Release;
		};
/* End XCBuildConfiguration section */

/* Begin XCConfigurationList section */
		DD6E052619AF661800C079F8 /* Build configuration list for PBXProject "Mapple" */ = {
			isa = XCConfigurationList;
			buildConfigurations = (
				DD6E054919AF661800C079F8 /* Debug */,
				DD6E054A19AF661800C079F8 /* Release */,
			);
			defaultConfigurationIsVisible = 0;
			defaultConfigurationName = Release;
		};
		DD6E054B19AF661800C079F8 /* Build configuration list for PBXNativeTarget "Mapple" */ = {
			isa = XCConfigurationList;
			buildConfigurations = (
				DD6E054C19AF661800C079F8 /* Debug */,
				DD6E054D19AF661800C079F8 /* Release */,
			);
			defaultConfigurationIsVisible = 0;
		};
		DD6E054E19AF661800C079F8 /* Build configuration list for PBXNativeTarget "MappleTests" */ = {
			isa = XCConfigurationList;
			buildConfigurations = (
				DD6E054F19AF661800C079F8 /* Debug */,
				DD6E055019AF661800C079F8 /* Release */,
			);
			defaultConfigurationIsVisible = 0;
		};
/* End XCConfigurationList section */
	};
	rootObject = DD6E052319AF661800C079F8 /* Project object */;
}
