// !$*UTF8*$!
{
	archiveVersion = 1;
	classes = {
	};
	objectVersion = 46;
	objects = {

/* Begin PBXBuildFile section */
		DD35DEF619892B1B00D3F711 /* Foundation.framework in Frameworks */ = {isa = PBXBuildFile; fileRef = DD35DEF519892B1B00D3F711 /* Foundation.framework */; };
		DD35DEF819892B1B00D3F711 /* CoreGraphics.framework in Frameworks */ = {isa = PBXBuildFile; fileRef = DD35DEF719892B1B00D3F711 /* CoreGraphics.framework */; };
		DD35DEFA19892B1B00D3F711 /* UIKit.framework in Frameworks */ = {isa = PBXBuildFile; fileRef = DD35DEF919892B1B00D3F711 /* UIKit.framework */; };
		DD35DF0019892B1B00D3F711 /* InfoPlist.strings in Resources */ = {isa = PBXBuildFile; fileRef = DD35DEFE19892B1B00D3F711 /* InfoPlist.strings */; };
		DD35DF0219892B1B00D3F711 /* main.m in Sources */ = {isa = PBXBuildFile; fileRef = DD35DF0119892B1B00D3F711 /* main.m */; };
		DD35DF0619892B1B00D3F711 /* STAAppDelegate.m in Sources */ = {isa = PBXBuildFile; fileRef = DD35DF0519892B1B00D3F711 /* STAAppDelegate.m */; };
		DD35DF0819892B1B00D3F711 /* Images.xcassets in Resources */ = {isa = PBXBuildFile; fileRef = DD35DF0719892B1B00D3F711 /* Images.xcassets */; };
		DD35DF0F19892B1B00D3F711 /* XCTest.framework in Frameworks */ = {isa = PBXBuildFile; fileRef = DD35DF0E19892B1B00D3F711 /* XCTest.framework */; };
		DD35DF1019892B1B00D3F711 /* Foundation.framework in Frameworks */ = {isa = PBXBuildFile; fileRef = DD35DEF519892B1B00D3F711 /* Foundation.framework */; };
		DD35DF1119892B1B00D3F711 /* UIKit.framework in Frameworks */ = {isa = PBXBuildFile; fileRef = DD35DEF919892B1B00D3F711 /* UIKit.framework */; };
		DD35DF1919892B1B00D3F711 /* InfoPlist.strings in Resources */ = {isa = PBXBuildFile; fileRef = DD35DF1719892B1B00D3F711 /* InfoPlist.strings */; };
		DD35DF1B19892B1B00D3F711 /* Simple_TasksTests.m in Sources */ = {isa = PBXBuildFile; fileRef = DD35DF1A19892B1B00D3F711 /* Simple_TasksTests.m */; };
		DD35DF2719892BB800D3F711 /* STAGroupsTableViewController.m in Sources */ = {isa = PBXBuildFile; fileRef = DD35DF2619892BB800D3F711 /* STAGroupsTableViewController.m */; };
		DD35DF2A19892BC900D3F711 /* STAItemsTableViewController.m in Sources */ = {isa = PBXBuildFile; fileRef = DD35DF2919892BC900D3F711 /* STAItemsTableViewController.m */; };
		DD35DF2D19892C0700D3F711 /* STAEditItemViewController.m in Sources */ = {isa = PBXBuildFile; fileRef = DD35DF2C19892C0700D3F711 /* STAEditItemViewController.m */; };
		DD7B45391989912E00487674 /* STANewGroupViewController.m in Sources */ = {isa = PBXBuildFile; fileRef = DD7B45381989912E00487674 /* STANewGroupViewController.m */; };
		DD7B45461989991600487674 /* group_close.png in Resources */ = {isa = PBXBuildFile; fileRef = DD7B453D1989991600487674 /* group_close.png */; };
		DD7B45471989991600487674 /* group_save.png in Resources */ = {isa = PBXBuildFile; fileRef = DD7B453E1989991600487674 /* group_save.png */; };
		DD7B45481989991600487674 /* item_close.png in Resources */ = {isa = PBXBuildFile; fileRef = DD7B453F1989991600487674 /* item_close.png */; };
		DD7B45491989991600487674 /* item_save.png in Resources */ = {isa = PBXBuildFile; fileRef = DD7B45401989991600487674 /* item_save.png */; };
		DD7B454A1989991600487674 /* group_new.png in Resources */ = {isa = PBXBuildFile; fileRef = DD7B45421989991600487674 /* group_new.png */; };
		DD7B454B1989991600487674 /* group_tvc.png in Resources */ = {isa = PBXBuildFile; fileRef = DD7B45431989991600487674 /* group_tvc.png */; };
		DD7B454C1989991600487674 /* item_new_edit.png in Resources */ = {isa = PBXBuildFile; fileRef = DD7B45441989991600487674 /* item_new_edit.png */; };
		DD7B454D1989991600487674 /* item_tvc.png in Resources */ = {isa = PBXBuildFile; fileRef = DD7B45451989991600487674 /* item_tvc.png */; };
		DD7B45501989E60800487674 /* STANewEditItemViewController.m in Sources */ = {isa = PBXBuildFile; fileRef = DD7B454F1989E60800487674 /* STANewEditItemViewController.m */; };
/* End PBXBuildFile section */

/* Begin PBXContainerItemProxy section */
		DD35DF1219892B1B00D3F711 /* PBXContainerItemProxy */ = {
			isa = PBXContainerItemProxy;
			containerPortal = DD35DEEA19892B1B00D3F711 /* Project object */;
			proxyType = 1;
			remoteGlobalIDString = DD35DEF119892B1B00D3F711;
			remoteInfo = "Simple Tasks";
		};
/* End PBXContainerItemProxy section */

/* Begin PBXFileReference section */
		DD35DEF219892B1B00D3F711 /* Simple Tasks.app */ = {isa = PBXFileReference; explicitFileType = wrapper.application; includeInIndex = 0; path = "Simple Tasks.app"; sourceTree = BUILT_PRODUCTS_DIR; };
		DD35DEF519892B1B00D3F711 /* Foundation.framework */ = {isa = PBXFileReference; lastKnownFileType = wrapper.framework; name = Foundation.framework; path = System/Library/Frameworks/Foundation.framework; sourceTree = SDKROOT; };
		DD35DEF719892B1B00D3F711 /* CoreGraphics.framework */ = {isa = PBXFileReference; lastKnownFileType = wrapper.framework; name = CoreGraphics.framework; path = System/Library/Frameworks/CoreGraphics.framework; sourceTree = SDKROOT; };
		DD35DEF919892B1B00D3F711 /* UIKit.framework */ = {isa = PBXFileReference; lastKnownFileType = wrapper.framework; name = UIKit.framework; path = System/Library/Frameworks/UIKit.framework; sourceTree = SDKROOT; };
		DD35DEFD19892B1B00D3F711 /* Simple Tasks-Info.plist */ = {isa = PBXFileReference; lastKnownFileType = text.plist.xml; path = "Simple Tasks-Info.plist"; sourceTree = "<group>"; };
		DD35DEFF19892B1B00D3F711 /* en */ = {isa = PBXFileReference; lastKnownFileType = text.plist.strings; name = en; path = en.lproj/InfoPlist.strings; sourceTree = "<group>"; };
		DD35DF0119892B1B00D3F711 /* main.m */ = {isa = PBXFileReference; lastKnownFileType = sourcecode.c.objc; path = main.m; sourceTree = "<group>"; };
		DD35DF0319892B1B00D3F711 /* Simple Tasks-Prefix.pch */ = {isa = PBXFileReference; lastKnownFileType = sourcecode.c.h; path = "Simple Tasks-Prefix.pch"; sourceTree = "<group>"; };
		DD35DF0419892B1B00D3F711 /* STAAppDelegate.h */ = {isa = PBXFileReference; lastKnownFileType = sourcecode.c.h; path = STAAppDelegate.h; sourceTree = "<group>"; };
		DD35DF0519892B1B00D3F711 /* STAAppDelegate.m */ = {isa = PBXFileReference; lastKnownFileType = sourcecode.c.objc; path = STAAppDelegate.m; sourceTree = "<group>"; };
		DD35DF0719892B1B00D3F711 /* Images.xcassets */ = {isa = PBXFileReference; lastKnownFileType = folder.assetcatalog; path = Images.xcassets; sourceTree = "<group>"; };
		DD35DF0D19892B1B00D3F711 /* Simple TasksTests.xctest */ = {isa = PBXFileReference; explicitFileType = wrapper.cfbundle; includeInIndex = 0; path = "Simple TasksTests.xctest"; sourceTree = BUILT_PRODUCTS_DIR; };
		DD35DF0E19892B1B00D3F711 /* XCTest.framework */ = {isa = PBXFileReference; lastKnownFileType = wrapper.framework; name = XCTest.framework; path = Library/Frameworks/XCTest.framework; sourceTree = DEVELOPER_DIR; };
		DD35DF1619892B1B00D3F711 /* Simple TasksTests-Info.plist */ = {isa = PBXFileReference; lastKnownFileType = text.plist.xml; path = "Simple TasksTests-Info.plist"; sourceTree = "<group>"; };
		DD35DF1819892B1B00D3F711 /* en */ = {isa = PBXFileReference; lastKnownFileType = text.plist.strings; name = en; path = en.lproj/InfoPlist.strings; sourceTree = "<group>"; };
		DD35DF1A19892B1B00D3F711 /* Simple_TasksTests.m */ = {isa = PBXFileReference; lastKnownFileType = sourcecode.c.objc; path = Simple_TasksTests.m; sourceTree = "<group>"; };
		DD35DF2519892BB800D3F711 /* STAGroupsTableViewController.h */ = {isa = PBXFileReference; fileEncoding = 4; lastKnownFileType = sourcecode.c.h; path = STAGroupsTableViewController.h; sourceTree = "<group>"; };
		DD35DF2619892BB800D3F711 /* STAGroupsTableViewController.m */ = {isa = PBXFileReference; fileEncoding = 4; lastKnownFileType = sourcecode.c.objc; path = STAGroupsTableViewController.m; sourceTree = "<group>"; };
		DD35DF2819892BC900D3F711 /* STAItemsTableViewController.h */ = {isa = PBXFileReference; fileEncoding = 4; lastKnownFileType = sourcecode.c.h; path = STAItemsTableViewController.h; sourceTree = "<group>"; };
		DD35DF2919892BC900D3F711 /* STAItemsTableViewController.m */ = {isa = PBXFileReference; fileEncoding = 4; lastKnownFileType = sourcecode.c.objc; path = STAItemsTableViewController.m; sourceTree = "<group>"; };
		DD35DF2B19892C0700D3F711 /* STAEditItemViewController.h */ = {isa = PBXFileReference; fileEncoding = 4; lastKnownFileType = sourcecode.c.h; path = STAEditItemViewController.h; sourceTree = "<group>"; };
		DD35DF2C19892C0700D3F711 /* STAEditItemViewController.m */ = {isa = PBXFileReference; fileEncoding = 4; lastKnownFileType = sourcecode.c.objc; path = STAEditItemViewController.m; sourceTree = "<group>"; };
		DD7B45371989912E00487674 /* STANewGroupViewController.h */ = {isa = PBXFileReference; fileEncoding = 4; lastKnownFileType = sourcecode.c.h; path = STANewGroupViewController.h; sourceTree = "<group>"; };
		DD7B45381989912E00487674 /* STANewGroupViewController.m */ = {isa = PBXFileReference; fileEncoding = 4; lastKnownFileType = sourcecode.c.objc; path = STANewGroupViewController.m; sourceTree = "<group>"; };
		DD7B453D1989991600487674 /* group_close.png */ = {isa = PBXFileReference; lastKnownFileType = image.png; path = group_close.png; sourceTree = "<group>"; };
		DD7B453E1989991600487674 /* group_save.png */ = {isa = PBXFileReference; lastKnownFileType = image.png; path = group_save.png; sourceTree = "<group>"; };
		DD7B453F1989991600487674 /* item_close.png */ = {isa = PBXFileReference; lastKnownFileType = image.png; path = item_close.png; sourceTree = "<group>"; };
		DD7B45401989991600487674 /* item_save.png */ = {isa = PBXFileReference; lastKnownFileType = image.png; path = item_save.png; sourceTree = "<group>"; };
		DD7B45421989991600487674 /* group_new.png */ = {isa = PBXFileReference; lastKnownFileType = image.png; path = group_new.png; sourceTree = "<group>"; };
		DD7B45431989991600487674 /* group_tvc.png */ = {isa = PBXFileReference; lastKnownFileType = image.png; path = group_tvc.png; sourceTree = "<group>"; };
		DD7B45441989991600487674 /* item_new_edit.png */ = {isa = PBXFileReference; lastKnownFileType = image.png; path = item_new_edit.png; sourceTree = "<group>"; };
		DD7B45451989991600487674 /* item_tvc.png */ = {isa = PBXFileReference; lastKnownFileType = image.png; path = item_tvc.png; sourceTree = "<group>"; };
		DD7B454E1989E60800487674 /* STANewEditItemViewController.h */ = {isa = PBXFileReference; fileEncoding = 4; lastKnownFileType = sourcecode.c.h; path = STANewEditItemViewController.h; sourceTree = "<group>"; };
		DD7B454F1989E60800487674 /* STANewEditItemViewController.m */ = {isa = PBXFileReference; fileEncoding = 4; lastKnownFileType = sourcecode.c.objc; path = STANewEditItemViewController.m; sourceTree = "<group>"; };
/* End PBXFileReference section */

/* Begin PBXFrameworksBuildPhase section */
		DD35DEEF19892B1B00D3F711 /* Frameworks */ = {
			isa = PBXFrameworksBuildPhase;
			buildActionMask = 2147483647;
			files = (
				DD35DEF819892B1B00D3F711 /* CoreGraphics.framework in Frameworks */,
				DD35DEFA19892B1B00D3F711 /* UIKit.framework in Frameworks */,
				DD35DEF619892B1B00D3F711 /* Foundation.framework in Frameworks */,
			);
			runOnlyForDeploymentPostprocessing = 0;
		};
		DD35DF0A19892B1B00D3F711 /* Frameworks */ = {
			isa = PBXFrameworksBuildPhase;
			buildActionMask = 2147483647;
			files = (
				DD35DF0F19892B1B00D3F711 /* XCTest.framework in Frameworks */,
				DD35DF1119892B1B00D3F711 /* UIKit.framework in Frameworks */,
				DD35DF1019892B1B00D3F711 /* Foundation.framework in Frameworks */,
			);
			runOnlyForDeploymentPostprocessing = 0;
		};
/* End PBXFrameworksBuildPhase section */

/* Begin PBXGroup section */
		DD35DEE919892B1B00D3F711 = {
			isa = PBXGroup;
			children = (
				DD7B453A198998A900487674 /* Images */,
				DD35DF2419892B6200D3F711 /* Controllers */,
				DD35DEFB19892B1B00D3F711 /* Simple Tasks */,
				DD35DF1419892B1B00D3F711 /* Simple TasksTests */,
				DD35DEF419892B1B00D3F711 /* Frameworks */,
				DD35DEF319892B1B00D3F711 /* Products */,
			);
			sourceTree = "<group>";
		};
		DD35DEF319892B1B00D3F711 /* Products */ = {
			isa = PBXGroup;
			children = (
				DD35DEF219892B1B00D3F711 /* Simple Tasks.app */,
				DD35DF0D19892B1B00D3F711 /* Simple TasksTests.xctest */,
			);
			name = Products;
			sourceTree = "<group>";
		};
		DD35DEF419892B1B00D3F711 /* Frameworks */ = {
			isa = PBXGroup;
			children = (
				DD35DEF519892B1B00D3F711 /* Foundation.framework */,
				DD35DEF719892B1B00D3F711 /* CoreGraphics.framework */,
				DD35DEF919892B1B00D3F711 /* UIKit.framework */,
				DD35DF0E19892B1B00D3F711 /* XCTest.framework */,
			);
			name = Frameworks;
			sourceTree = "<group>";
		};
		DD35DEFB19892B1B00D3F711 /* Simple Tasks */ = {
			isa = PBXGroup;
			children = (
				DD35DF0419892B1B00D3F711 /* STAAppDelegate.h */,
				DD35DF0519892B1B00D3F711 /* STAAppDelegate.m */,
				DD35DF0719892B1B00D3F711 /* Images.xcassets */,
				DD35DEFC19892B1B00D3F711 /* Supporting Files */,
			);
			path = "Simple Tasks";
			sourceTree = "<group>";
		};
		DD35DEFC19892B1B00D3F711 /* Supporting Files */ = {
			isa = PBXGroup;
			children = (
				DD35DEFD19892B1B00D3F711 /* Simple Tasks-Info.plist */,
				DD35DEFE19892B1B00D3F711 /* InfoPlist.strings */,
				DD35DF0119892B1B00D3F711 /* main.m */,
				DD35DF0319892B1B00D3F711 /* Simple Tasks-Prefix.pch */,
			);
			name = "Supporting Files";
			sourceTree = "<group>";
		};
		DD35DF1419892B1B00D3F711 /* Simple TasksTests */ = {
			isa = PBXGroup;
			children = (
				DD35DF1A19892B1B00D3F711 /* Simple_TasksTests.m */,
				DD35DF1519892B1B00D3F711 /* Supporting Files */,
			);
			path = "Simple TasksTests";
			sourceTree = "<group>";
		};
		DD35DF1519892B1B00D3F711 /* Supporting Files */ = {
			isa = PBXGroup;
			children = (
				DD35DF1619892B1B00D3F711 /* Simple TasksTests-Info.plist */,
				DD35DF1719892B1B00D3F711 /* InfoPlist.strings */,
			);
			name = "Supporting Files";
			sourceTree = "<group>";
		};
		DD35DF2419892B6200D3F711 /* Controllers */ = {
			isa = PBXGroup;
			children = (
				DD7B4552198AB9B900487674 /* ItemViewControllers */,
				DD35DF2B19892C0700D3F711 /* STAEditItemViewController.h */,
				DD35DF2C19892C0700D3F711 /* STAEditItemViewController.m */,
				DD7B4551198AB98D00487674 /* GroupViewControllers */,
			);
			name = Controllers;
			sourceTree = "<group>";
		};
		DD7B453A198998A900487674 /* Images */ = {
			isa = PBXGroup;
			children = (
				DD7B453B1989991600487674 /* screenshots_files */,
			);
			name = Images;
			sourceTree = "<group>";
		};
		DD7B453B1989991600487674 /* screenshots_files */ = {
			isa = PBXGroup;
			children = (
				DD7B453C1989991600487674 /* files */,
				DD7B45411989991600487674 /* screenshots */,
			);
			path = screenshots_files;
			sourceTree = "<group>";
		};
		DD7B453C1989991600487674 /* files */ = {
			isa = PBXGroup;
			children = (
				DD7B453D1989991600487674 /* group_close.png */,
				DD7B453E1989991600487674 /* group_save.png */,
				DD7B453F1989991600487674 /* item_close.png */,
				DD7B45401989991600487674 /* item_save.png */,
			);
			path = files;
			sourceTree = "<group>";
		};
		DD7B45411989991600487674 /* screenshots */ = {
			isa = PBXGroup;
			children = (
				DD7B45421989991600487674 /* group_new.png */,
				DD7B45431989991600487674 /* group_tvc.png */,
				DD7B45441989991600487674 /* item_new_edit.png */,
				DD7B45451989991600487674 /* item_tvc.png */,
			);
			path = screenshots;
			sourceTree = "<group>";
		};
		DD7B4551198AB98D00487674 /* GroupViewControllers */ = {
			isa = PBXGroup;
			children = (
				DD7B45381989912E00487674 /* STANewGroupViewController.m */,
				DD7B45371989912E00487674 /* STANewGroupViewController.h */,
				DD35DF2519892BB800D3F711 /* STAGroupsTableViewController.h */,
				DD35DF2619892BB800D3F711 /* STAGroupsTableViewController.m */,
			);
			name = GroupViewControllers;
			sourceTree = "<group>";
		};
		DD7B4552198AB9B900487674 /* ItemViewControllers */ = {
			isa = PBXGroup;
			children = (
				DD7B454E1989E60800487674 /* STANewEditItemViewController.h */,
				DD7B454F1989E60800487674 /* STANewEditItemViewController.m */,
				DD35DF2819892BC900D3F711 /* STAItemsTableViewController.h */,
				DD35DF2919892BC900D3F711 /* STAItemsTableViewController.m */,
			);
			name = ItemViewControllers;
			sourceTree = "<group>";
		};
/* End PBXGroup section */

/* Begin PBXNativeTarget section */
		DD35DEF119892B1B00D3F711 /* Simple Tasks */ = {
			isa = PBXNativeTarget;
			buildConfigurationList = DD35DF1E19892B1B00D3F711 /* Build configuration list for PBXNativeTarget "Simple Tasks" */;
			buildPhases = (
				DD35DEEE19892B1B00D3F711 /* Sources */,
				DD35DEEF19892B1B00D3F711 /* Frameworks */,
				DD35DEF019892B1B00D3F711 /* Resources */,
			);
			buildRules = (
			);
			dependencies = (
			);
			name = "Simple Tasks";
			productName = "Simple Tasks";
			productReference = DD35DEF219892B1B00D3F711 /* Simple Tasks.app */;
			productType = "com.apple.product-type.application";
		};
		DD35DF0C19892B1B00D3F711 /* Simple TasksTests */ = {
			isa = PBXNativeTarget;
			buildConfigurationList = DD35DF2119892B1B00D3F711 /* Build configuration list for PBXNativeTarget "Simple TasksTests" */;
			buildPhases = (
				DD35DF0919892B1B00D3F711 /* Sources */,
				DD35DF0A19892B1B00D3F711 /* Frameworks */,
				DD35DF0B19892B1B00D3F711 /* Resources */,
			);
			buildRules = (
			);
			dependencies = (
				DD35DF1319892B1B00D3F711 /* PBXTargetDependency */,
			);
			name = "Simple TasksTests";
			productName = "Simple TasksTests";
			productReference = DD35DF0D19892B1B00D3F711 /* Simple TasksTests.xctest */;
			productType = "com.apple.product-type.bundle.unit-test";
		};
/* End PBXNativeTarget section */

/* Begin PBXProject section */
		DD35DEEA19892B1B00D3F711 /* Project object */ = {
			isa = PBXProject;
			attributes = {
				CLASSPREFIX = STA;
				LastUpgradeCheck = 0510;
				ORGANIZATIONNAME = "Eric Williams";
				TargetAttributes = {
					DD35DF0C19892B1B00D3F711 = {
						TestTargetID = DD35DEF119892B1B00D3F711;
					};
				};
			};
			buildConfigurationList = DD35DEED19892B1B00D3F711 /* Build configuration list for PBXProject "Simple Tasks" */;
			compatibilityVersion = "Xcode 3.2";
			developmentRegion = English;
			hasScannedForEncodings = 0;
			knownRegions = (
				en,
			);
			mainGroup = DD35DEE919892B1B00D3F711;
			productRefGroup = DD35DEF319892B1B00D3F711 /* Products */;
			projectDirPath = "";
			projectRoot = "";
			targets = (
				DD35DEF119892B1B00D3F711 /* Simple Tasks */,
				DD35DF0C19892B1B00D3F711 /* Simple TasksTests */,
			);
		};
/* End PBXProject section */

/* Begin PBXResourcesBuildPhase section */
		DD35DEF019892B1B00D3F711 /* Resources */ = {
			isa = PBXResourcesBuildPhase;
			buildActionMask = 2147483647;
			files = (
				DD7B45481989991600487674 /* item_close.png in Resources */,
				DD7B454B1989991600487674 /* group_tvc.png in Resources */,
				DD7B45471989991600487674 /* group_save.png in Resources */,
				DD7B454A1989991600487674 /* group_new.png in Resources */,
				DD35DF0019892B1B00D3F711 /* InfoPlist.strings in Resources */,
				DD7B45491989991600487674 /* item_save.png in Resources */,
				DD7B454D1989991600487674 /* item_tvc.png in Resources */,
				DD35DF0819892B1B00D3F711 /* Images.xcassets in Resources */,
				DD7B454C1989991600487674 /* item_new_edit.png in Resources */,
				DD7B45461989991600487674 /* group_close.png in Resources */,
			);
			runOnlyForDeploymentPostprocessing = 0;
		};
		DD35DF0B19892B1B00D3F711 /* Resources */ = {
			isa = PBXResourcesBuildPhase;
			buildActionMask = 2147483647;
			files = (
				DD35DF1919892B1B00D3F711 /* InfoPlist.strings in Resources */,
			);
			runOnlyForDeploymentPostprocessing = 0;
		};
/* End PBXResourcesBuildPhase section */

/* Begin PBXSourcesBuildPhase section */
		DD35DEEE19892B1B00D3F711 /* Sources */ = {
			isa = PBXSourcesBuildPhase;
			buildActionMask = 2147483647;
			files = (
				DD35DF2719892BB800D3F711 /* STAGroupsTableViewController.m in Sources */,
				DD35DF2A19892BC900D3F711 /* STAItemsTableViewController.m in Sources */,
				DD7B45391989912E00487674 /* STANewGroupViewController.m in Sources */,
				DD35DF0219892B1B00D3F711 /* main.m in Sources */,
				DD7B45501989E60800487674 /* STANewEditItemViewController.m in Sources */,
				DD35DF0619892B1B00D3F711 /* STAAppDelegate.m in Sources */,
				DD35DF2D19892C0700D3F711 /* STAEditItemViewController.m in Sources */,
			);
			runOnlyForDeploymentPostprocessing = 0;
		};
		DD35DF0919892B1B00D3F711 /* Sources */ = {
			isa = PBXSourcesBuildPhase;
			buildActionMask = 2147483647;
			files = (
				DD35DF1B19892B1B00D3F711 /* Simple_TasksTests.m in Sources */,
			);
			runOnlyForDeploymentPostprocessing = 0;
		};
/* End PBXSourcesBuildPhase section */

/* Begin PBXTargetDependency section */
		DD35DF1319892B1B00D3F711 /* PBXTargetDependency */ = {
			isa = PBXTargetDependency;
			target = DD35DEF119892B1B00D3F711 /* Simple Tasks */;
			targetProxy = DD35DF1219892B1B00D3F711 /* PBXContainerItemProxy */;
		};
/* End PBXTargetDependency section */

/* Begin PBXVariantGroup section */
		DD35DEFE19892B1B00D3F711 /* InfoPlist.strings */ = {
			isa = PBXVariantGroup;
			children = (
				DD35DEFF19892B1B00D3F711 /* en */,
			);
			name = InfoPlist.strings;
			sourceTree = "<group>";
		};
		DD35DF1719892B1B00D3F711 /* InfoPlist.strings */ = {
			isa = PBXVariantGroup;
			children = (
				DD35DF1819892B1B00D3F711 /* en */,
			);
			name = InfoPlist.strings;
			sourceTree = "<group>";
		};
/* End PBXVariantGroup section */

/* Begin XCBuildConfiguration section */
		DD35DF1C19892B1B00D3F711 /* Debug */ = {
			isa = XCBuildConfiguration;
			buildSettings = {
				ALWAYS_SEARCH_USER_PATHS = NO;
				CLANG_CXX_LANGUAGE_STANDARD = "gnu++0x";
				CLANG_CXX_LIBRARY = "libc++";
				CLANG_ENABLE_MODULES = YES;
				CLANG_ENABLE_OBJC_ARC = YES;
				CLANG_WARN_BOOL_CONVERSION = YES;
				CLANG_WARN_CONSTANT_CONVERSION = YES;
				CLANG_WARN_DIRECT_OBJC_ISA_USAGE = YES_ERROR;
				CLANG_WARN_EMPTY_BODY = YES;
				CLANG_WARN_ENUM_CONVERSION = YES;
				CLANG_WARN_INT_CONVERSION = YES;
				CLANG_WARN_OBJC_ROOT_CLASS = YES_ERROR;
				CLANG_WARN__DUPLICATE_METHOD_MATCH = YES;
				"CODE_SIGN_IDENTITY[sdk=iphoneos*]" = "iPhone Developer";
				COPY_PHASE_STRIP = NO;
				GCC_C_LANGUAGE_STANDARD = gnu99;
				GCC_DYNAMIC_NO_PIC = NO;
				GCC_OPTIMIZATION_LEVEL = 0;
				GCC_PREPROCESSOR_DEFINITIONS = (
					"DEBUG=1",
					"$(inherited)",
				);
				GCC_SYMBOLS_PRIVATE_EXTERN = NO;
				GCC_WARN_64_TO_32_BIT_CONVERSION = YES;
				GCC_WARN_ABOUT_RETURN_TYPE = YES_ERROR;
				GCC_WARN_UNDECLARED_SELECTOR = YES;
				GCC_WARN_UNINITIALIZED_AUTOS = YES_AGGRESSIVE;
				GCC_WARN_UNUSED_FUNCTION = YES;
				GCC_WARN_UNUSED_VARIABLE = YES;
				IPHONEOS_DEPLOYMENT_TARGET = 7.1;
				ONLY_ACTIVE_ARCH = YES;
				SDKROOT = iphoneos;
			};
			name = Debug;
		};
		DD35DF1D19892B1B00D3F711 /* Release */ = {
			isa = XCBuildConfiguration;
			buildSettings = {
				ALWAYS_SEARCH_USER_PATHS = NO;
				CLANG_CXX_LANGUAGE_STANDARD = "gnu++0x";
				CLANG_CXX_LIBRARY = "libc++";
				CLANG_ENABLE_MODULES = YES;
				CLANG_ENABLE_OBJC_ARC = YES;
				CLANG_WARN_BOOL_CONVERSION = YES;
				CLANG_WARN_CONSTANT_CONVERSION = YES;
				CLANG_WARN_DIRECT_OBJC_ISA_USAGE = YES_ERROR;
				CLANG_WARN_EMPTY_BODY = YES;
				CLANG_WARN_ENUM_CONVERSION = YES;
				CLANG_WARN_INT_CONVERSION = YES;
				CLANG_WARN_OBJC_ROOT_CLASS = YES_ERROR;
				CLANG_WARN__DUPLICATE_METHOD_MATCH = YES;
				"CODE_SIGN_IDENTITY[sdk=iphoneos*]" = "iPhone Developer";
				COPY_PHASE_STRIP = YES;
				ENABLE_NS_ASSERTIONS = NO;
				GCC_C_LANGUAGE_STANDARD = gnu99;
				GCC_WARN_64_TO_32_BIT_CONVERSION = YES;
				GCC_WARN_ABOUT_RETURN_TYPE = YES_ERROR;
				GCC_WARN_UNDECLARED_SELECTOR = YES;
				GCC_WARN_UNINITIALIZED_AUTOS = YES_AGGRESSIVE;
				GCC_WARN_UNUSED_FUNCTION = YES;
				GCC_WARN_UNUSED_VARIABLE = YES;
				IPHONEOS_DEPLOYMENT_TARGET = 7.1;
				SDKROOT = iphoneos;
				VALIDATE_PRODUCT = YES;
			};
			name = Release;
		};
		DD35DF1F19892B1B00D3F711 /* Debug */ = {
			isa = XCBuildConfiguration;
			buildSettings = {
				ASSETCATALOG_COMPILER_APPICON_NAME = AppIcon;
				ASSETCATALOG_COMPILER_LAUNCHIMAGE_NAME = LaunchImage;
				GCC_PRECOMPILE_PREFIX_HEADER = YES;
				GCC_PREFIX_HEADER = "Simple Tasks/Simple Tasks-Prefix.pch";
				INFOPLIST_FILE = "Simple Tasks/Simple Tasks-Info.plist";
				PRODUCT_NAME = "$(TARGET_NAME)";
				WRAPPER_EXTENSION = app;
			};
			name = Debug;
		};
		DD35DF2019892B1B00D3F711 /* Release */ = {
			isa = XCBuildConfiguration;
			buildSettings = {
				ASSETCATALOG_COMPILER_APPICON_NAME = AppIcon;
				ASSETCATALOG_COMPILER_LAUNCHIMAGE_NAME = LaunchImage;
				GCC_PRECOMPILE_PREFIX_HEADER = YES;
				GCC_PREFIX_HEADER = "Simple Tasks/Simple Tasks-Prefix.pch";
				INFOPLIST_FILE = "Simple Tasks/Simple Tasks-Info.plist";
				PRODUCT_NAME = "$(TARGET_NAME)";
				WRAPPER_EXTENSION = app;
			};
			name = Release;
		};
		DD35DF2219892B1B00D3F711 /* Debug */ = {
			isa = XCBuildConfiguration;
			buildSettings = {
				BUNDLE_LOADER = "$(BUILT_PRODUCTS_DIR)/Simple Tasks.app/Simple Tasks";
				FRAMEWORK_SEARCH_PATHS = (
					"$(SDKROOT)/Developer/Library/Frameworks",
					"$(inherited)",
					"$(DEVELOPER_FRAMEWORKS_DIR)",
				);
				GCC_PRECOMPILE_PREFIX_HEADER = YES;
				GCC_PREFIX_HEADER = "Simple Tasks/Simple Tasks-Prefix.pch";
				GCC_PREPROCESSOR_DEFINITIONS = (
					"DEBUG=1",
					"$(inherited)",
				);
				INFOPLIST_FILE = "Simple TasksTests/Simple TasksTests-Info.plist";
				PRODUCT_NAME = "$(TARGET_NAME)";
				TEST_HOST = "$(BUNDLE_LOADER)";
				WRAPPER_EXTENSION = xctest;
			};
			name = Debug;
		};
		DD35DF2319892B1B00D3F711 /* Release */ = {
			isa = XCBuildConfiguration;
			buildSettings = {
				BUNDLE_LOADER = "$(BUILT_PRODUCTS_DIR)/Simple Tasks.app/Simple Tasks";
				FRAMEWORK_SEARCH_PATHS = (
					"$(SDKROOT)/Developer/Library/Frameworks",
					"$(inherited)",
					"$(DEVELOPER_FRAMEWORKS_DIR)",
				);
				GCC_PRECOMPILE_PREFIX_HEADER = YES;
				GCC_PREFIX_HEADER = "Simple Tasks/Simple Tasks-Prefix.pch";
				INFOPLIST_FILE = "Simple TasksTests/Simple TasksTests-Info.plist";
				PRODUCT_NAME = "$(TARGET_NAME)";
				TEST_HOST = "$(BUNDLE_LOADER)";
				WRAPPER_EXTENSION = xctest;
			};
			name = Release;
		};
/* End XCBuildConfiguration section */

/* Begin XCConfigurationList section */
		DD35DEED19892B1B00D3F711 /* Build configuration list for PBXProject "Simple Tasks" */ = {
			isa = XCConfigurationList;
			buildConfigurations = (
				DD35DF1C19892B1B00D3F711 /* Debug */,
				DD35DF1D19892B1B00D3F711 /* Release */,
			);
			defaultConfigurationIsVisible = 0;
			defaultConfigurationName = Release;
		};
		DD35DF1E19892B1B00D3F711 /* Build configuration list for PBXNativeTarget "Simple Tasks" */ = {
			isa = XCConfigurationList;
			buildConfigurations = (
				DD35DF1F19892B1B00D3F711 /* Debug */,
				DD35DF2019892B1B00D3F711 /* Release */,
			);
			defaultConfigurationIsVisible = 0;
			defaultConfigurationName = Release;
		};
		DD35DF2119892B1B00D3F711 /* Build configuration list for PBXNativeTarget "Simple TasksTests" */ = {
			isa = XCConfigurationList;
			buildConfigurations = (
				DD35DF2219892B1B00D3F711 /* Debug */,
				DD35DF2319892B1B00D3F711 /* Release */,
			);
			defaultConfigurationIsVisible = 0;
			defaultConfigurationName = Release;
		};
/* End XCConfigurationList section */
	};
	rootObject = DD35DEEA19892B1B00D3F711 /* Project object */;
}
